
Microsoft Visual Studio Solution File, Format Version 12.00
Project("{FAE04EC0-301F-11D3-BF4B-00C04F79EFBC}") = "DATV-RED", "DATV-RED.csproj", "{5F9DF1FA-A882-4028-A7BB-1DD0A209FBFC}"
EndProject
Global
	GlobalSection(SolutionConfigurationPlatforms) = preSolution
		Debug|Any CPU = Debug|Any CPU
		Release|Any CPU = Release|Any CPU
	EndGlobalSection
	GlobalSection(ProjectConfigurationPlatforms) = postSolution
		{5F9DF1FA-A882-4028-A7BB-1DD0A209FBFC}.Debug|Any CPU.ActiveCfg = Debug|Any CPU
		{5F9DF1FA-A882-4028-A7BB-1DD0A209FBFC}.Debug|Any CPU.Build.0 = Debug|Any CPU
		{5F9DF1FA-A882-4028-A7BB-1DD0A209FBFC}.Release|Any CPU.ActiveCfg = Release|Any CPU
		{5F9DF1FA-A882-4028-A7BB-1DD0A209FBFC}.Release|Any CPU.Build.0 = Release|Any CPU
	EndGlobalSection
EndGlobal
